// !$*UTF8*$!
{
	archiveVersion = 1;
	classes = {
	};
	objectVersion = 50;
	objects = {

/* Begin PBXBuildFile section */
		F048207224D93E6F0029528C /* AppDelegate.swift in Sources */ = {isa = PBXBuildFile; fileRef = F048207124D93E6F0029528C /* AppDelegate.swift */; };
		F048207424D93E6F0029528C /* SceneDelegate.swift in Sources */ = {isa = PBXBuildFile; fileRef = F048207324D93E6F0029528C /* SceneDelegate.swift */; };
		F048207624D93E6F0029528C /* ViewController.swift in Sources */ = {isa = PBXBuildFile; fileRef = F048207524D93E6F0029528C /* ViewController.swift */; };
		F048207924D93E6F0029528C /* Main.storyboard in Resources */ = {isa = PBXBuildFile; fileRef = F048207724D93E6F0029528C /* Main.storyboard */; };
		F048207B24D93E720029528C /* Assets.xcassets in Resources */ = {isa = PBXBuildFile; fileRef = F048207A24D93E720029528C /* Assets.xcassets */; };
		F048207E24D93E720029528C /* LaunchScreen.storyboard in Resources */ = {isa = PBXBuildFile; fileRef = F048207C24D93E720029528C /* LaunchScreen.storyboard */; };
		F07F0C6326DF94E20024524B /* NetworkMonitor.swift in Sources */ = {isa = PBXBuildFile; fileRef = F07F0C6226DF94E20024524B /* NetworkMonitor.swift */; };
		F0D61B7E24E53E950075409D /* WebKit.framework in Frameworks */ = {isa = PBXBuildFile; fileRef = F0D61B7D24E53E950075409D /* WebKit.framework */; };
/* End PBXBuildFile section */

/* Begin PBXFileReference section */
		F048206E24D93E6F0029528C /* iQmanager.app */ = {isa = PBXFileReference; explicitFileType = wrapper.application; includeInIndex = 0; path = iQmanager.app; sourceTree = BUILT_PRODUCTS_DIR; };
		F048207124D93E6F0029528C /* AppDelegate.swift */ = {isa = PBXFileReference; lastKnownFileType = sourcecode.swift; path = AppDelegate.swift; sourceTree = "<group>"; };
		F048207324D93E6F0029528C /* SceneDelegate.swift */ = {isa = PBXFileReference; lastKnownFileType = sourcecode.swift; path = SceneDelegate.swift; sourceTree = "<group>"; };
		F048207524D93E6F0029528C /* ViewController.swift */ = {isa = PBXFileReference; lastKnownFileType = sourcecode.swift; path = ViewController.swift; sourceTree = "<group>"; };
		F048207824D93E6F0029528C /* Base */ = {isa = PBXFileReference; lastKnownFileType = file.storyboard; name = Base; path = Base.lproj/Main.storyboard; sourceTree = "<group>"; };
		F048207A24D93E720029528C /* Assets.xcassets */ = {isa = PBXFileReference; lastKnownFileType = folder.assetcatalog; path = Assets.xcassets; sourceTree = "<group>"; };
		F048207D24D93E720029528C /* Base */ = {isa = PBXFileReference; lastKnownFileType = file.storyboard; name = Base; path = Base.lproj/LaunchScreen.storyboard; sourceTree = "<group>"; };
		F048207F24D93E720029528C /* Info.plist */ = {isa = PBXFileReference; lastKnownFileType = text.plist.xml; path = Info.plist; sourceTree = "<group>"; };
		F07F0C6226DF94E20024524B /* NetworkMonitor.swift */ = {isa = PBXFileReference; lastKnownFileType = sourcecode.swift; path = NetworkMonitor.swift; sourceTree = "<group>"; };
		F0BDCACD261CD9C700529F7A /* iQmanagerRelease.entitlements */ = {isa = PBXFileReference; lastKnownFileType = text.plist.entitlements; path = iQmanagerRelease.entitlements; sourceTree = "<group>"; };
		F0D61B7D24E53E950075409D /* WebKit.framework */ = {isa = PBXFileReference; lastKnownFileType = wrapper.framework; name = WebKit.framework; path = System/Library/Frameworks/WebKit.framework; sourceTree = SDKROOT; };
		F0DE7B0226416D1700DC6309 /* iQmanager.entitlements */ = {isa = PBXFileReference; lastKnownFileType = text.plist.entitlements; path = iQmanager.entitlements; sourceTree = "<group>"; };
/* End PBXFileReference section */

/* Begin PBXFrameworksBuildPhase section */
		F048206B24D93E6F0029528C /* Frameworks */ = {
			isa = PBXFrameworksBuildPhase;
			buildActionMask = 2147483647;
			files = (
				F0D61B7E24E53E950075409D /* WebKit.framework in Frameworks */,
			);
			runOnlyForDeploymentPostprocessing = 0;
		};
/* End PBXFrameworksBuildPhase section */

/* Begin PBXGroup section */
		F048206524D93E6F0029528C = {
			isa = PBXGroup;
			children = (
				F048207024D93E6F0029528C /* myskill */,
				F048206F24D93E6F0029528C /* Products */,
				F0D61B7C24E53E940075409D /* Frameworks */,
			);
			sourceTree = "<group>";
		};
		F048206F24D93E6F0029528C /* Products */ = {
			isa = PBXGroup;
			children = (
				F048206E24D93E6F0029528C /* iQmanager.app */,
			);
			name = Products;
			sourceTree = "<group>";
		};
		F048207024D93E6F0029528C /* myskill */ = {
			isa = PBXGroup;
			children = (
				F0DE7B0226416D1700DC6309 /* iQmanager.entitlements */,
				F0BDCACD261CD9C700529F7A /* iQmanagerRelease.entitlements */,
				F048207124D93E6F0029528C /* AppDelegate.swift */,
				F048207324D93E6F0029528C /* SceneDelegate.swift */,
				F048207524D93E6F0029528C /* ViewController.swift */,
				F048207724D93E6F0029528C /* Main.storyboard */,
				F07F0C6226DF94E20024524B /* NetworkMonitor.swift */,
				F048207A24D93E720029528C /* Assets.xcassets */,
				F048207C24D93E720029528C /* LaunchScreen.storyboard */,
				F048207F24D93E720029528C /* Info.plist */,
			);
			path = myskill;
			sourceTree = "<group>";
		};
		F0D61B7C24E53E940075409D /* Frameworks */ = {
			isa = PBXGroup;
			children = (
				F0D61B7D24E53E950075409D /* WebKit.framework */,
			);
			name = Frameworks;
			sourceTree = "<group>";
		};
/* End PBXGroup section */

/* Begin PBXNativeTarget section */
		F048206D24D93E6F0029528C /* myskill */ = {
			isa = PBXNativeTarget;
			buildConfigurationList = F048208224D93E720029528C /* Build configuration list for PBXNativeTarget "myskill" */;
			buildPhases = (
				F048206A24D93E6F0029528C /* Sources */,
				F048206B24D93E6F0029528C /* Frameworks */,
				F048206C24D93E6F0029528C /* Resources */,
			);
			buildRules = (
			);
			dependencies = (
			);
			name = myskill;
			productName = myskill;
			productReference = F048206E24D93E6F0029528C /* iQmanager.app */;
			productType = "com.apple.product-type.application";
		};
/* End PBXNativeTarget section */

/* Begin PBXProject section */
		F048206624D93E6F0029528C /* Project object */ = {
			isa = PBXProject;
			attributes = {
				LastSwiftUpdateCheck = 1160;
				LastUpgradeCheck = 1200;
				ORGANIZATIONNAME = "PRIVATE CAPACITY LTD";
				TargetAttributes = {
					F048206D24D93E6F0029528C = {
						CreatedOnToolsVersion = 11.6;
					};
				};
			};
			buildConfigurationList = F048206924D93E6F0029528C /* Build configuration list for PBXProject "myskill" */;
			compatibilityVersion = "Xcode 9.3";
			developmentRegion = en;
			hasScannedForEncodings = 0;
			knownRegions = (
				en,
				Base,
			);
			mainGroup = F048206524D93E6F0029528C;
			productRefGroup = F048206F24D93E6F0029528C /* Products */;
			projectDirPath = "";
			projectRoot = "";
			targets = (
				F048206D24D93E6F0029528C /* myskill */,
			);
		};
/* End PBXProject section */

/* Begin PBXResourcesBuildPhase section */
		F048206C24D93E6F0029528C /* Resources */ = {
			isa = PBXResourcesBuildPhase;
			buildActionMask = 2147483647;
			files = (
				F048207E24D93E720029528C /* LaunchScreen.storyboard in Resources */,
				F048207B24D93E720029528C /* Assets.xcassets in Resources */,
				F048207924D93E6F0029528C /* Main.storyboard in Resources */,
			);
			runOnlyForDeploymentPostprocessing = 0;
		};
/* End PBXResourcesBuildPhase section */

/* Begin PBXSourcesBuildPhase section */
		F048206A24D93E6F0029528C /* Sources */ = {
			isa = PBXSourcesBuildPhase;
			buildActionMask = 2147483647;
			files = (
				F048207624D93E6F0029528C /* ViewController.swift in Sources */,
				F07F0C6326DF94E20024524B /* NetworkMonitor.swift in Sources */,
				F048207224D93E6F0029528C /* AppDelegate.swift in Sources */,
				F048207424D93E6F0029528C /* SceneDelegate.swift in Sources */,
			);
			runOnlyForDeploymentPostprocessing = 0;
		};
/* End PBXSourcesBuildPhase section */

/* Begin PBXVariantGroup section */
		F048207724D93E6F0029528C /* Main.storyboard */ = {
			isa = PBXVariantGroup;
			children = (
				F048207824D93E6F0029528C /* Base */,
			);
			name = Main.storyboard;
			sourceTree = "<group>";
		};
		F048207C24D93E720029528C /* LaunchScreen.storyboard */ = {
			isa = PBXVariantGroup;
			children = (
				F048207D24D93E720029528C /* Base */,
			);
			name = LaunchScreen.storyboard;
			sourceTree = "<group>";
		};
/* End PBXVariantGroup section */

/* Begin XCBuildConfiguration section */
		F048208024D93E720029528C /* Debug */ = {
			isa = XCBuildConfiguration;
			buildSettings = {
				ALWAYS_SEARCH_USER_PATHS = NO;
				CLANG_ANALYZER_NONNULL = YES;
				CLANG_ANALYZER_NUMBER_OBJECT_CONVERSION = YES_AGGRESSIVE;
				CLANG_CXX_LANGUAGE_STANDARD = "gnu++14";
				CLANG_CXX_LIBRARY = "libc++";
				CLANG_ENABLE_MODULES = YES;
				CLANG_ENABLE_OBJC_ARC = YES;
				CLANG_ENABLE_OBJC_WEAK = YES;
				CLANG_WARN_BLOCK_CAPTURE_AUTORELEASING = YES;
				CLANG_WARN_BOOL_CONVERSION = YES;
				CLANG_WARN_COMMA = YES;
				CLANG_WARN_CONSTANT_CONVERSION = YES;
				CLANG_WARN_DEPRECATED_OBJC_IMPLEMENTATIONS = YES;
				CLANG_WARN_DIRECT_OBJC_ISA_USAGE = YES_ERROR;
				CLANG_WARN_DOCUMENTATION_COMMENTS = YES;
				CLANG_WARN_EMPTY_BODY = YES;
				CLANG_WARN_ENUM_CONVERSION = YES;
				CLANG_WARN_INFINITE_RECURSION = YES;
				CLANG_WARN_INT_CONVERSION = YES;
				CLANG_WARN_NON_LITERAL_NULL_CONVERSION = YES;
				CLANG_WARN_OBJC_IMPLICIT_RETAIN_SELF = YES;
				CLANG_WARN_OBJC_LITERAL_CONVERSION = YES;
				CLANG_WARN_OBJC_ROOT_CLASS = YES_ERROR;
				CLANG_WARN_QUOTED_INCLUDE_IN_FRAMEWORK_HEADER = YES;
				CLANG_WARN_RANGE_LOOP_ANALYSIS = YES;
				CLANG_WARN_STRICT_PROTOTYPES = YES;
				CLANG_WARN_SUSPICIOUS_MOVE = YES;
				CLANG_WARN_UNGUARDED_AVAILABILITY = YES_AGGRESSIVE;
				CLANG_WARN_UNREACHABLE_CODE = YES;
				CLANG_WARN__DUPLICATE_METHOD_MATCH = YES;
				COPY_PHASE_STRIP = NO;
				DEBUG_INFORMATION_FORMAT = dwarf;
				ENABLE_STRICT_OBJC_MSGSEND = YES;
				ENABLE_TESTABILITY = YES;
				GCC_C_LANGUAGE_STANDARD = gnu11;
				GCC_DYNAMIC_NO_PIC = NO;
				GCC_NO_COMMON_BLOCKS = YES;
				GCC_OPTIMIZATION_LEVEL = 0;
				GCC_PREPROCESSOR_DEFINITIONS = (
					"DEBUG=1",
					"$(inherited)",
				);
				GCC_WARN_64_TO_32_BIT_CONVERSION = YES;
				GCC_WARN_ABOUT_RETURN_TYPE = YES_ERROR;
				GCC_WARN_UNDECLARED_SELECTOR = YES;
				GCC_WARN_UNINITIALIZED_AUTOS = YES_AGGRESSIVE;
				GCC_WARN_UNUSED_FUNCTION = YES;
				GCC_WARN_UNUSED_VARIABLE = YES;
				IPHONEOS_DEPLOYMENT_TARGET = 13.0;
				MTL_ENABLE_DEBUG_INFO = INCLUDE_SOURCE;
				MTL_FAST_MATH = YES;
				ONLY_ACTIVE_ARCH = YES;
				SDKROOT = iphoneos;
				SWIFT_ACTIVE_COMPILATION_CONDITIONS = DEBUG;
				SWIFT_OPTIMIZATION_LEVEL = "-Onone";
			};
			name = Debug;
		};
		F048208124D93E720029528C /* Release */ = {
			isa = XCBuildConfiguration;
			buildSettings = {
				ALWAYS_SEARCH_USER_PATHS = NO;
				CLANG_ANALYZER_NONNULL = YES;
				CLANG_ANALYZER_NUMBER_OBJECT_CONVERSION = YES_AGGRESSIVE;
				CLANG_CXX_LANGUAGE_STANDARD = "gnu++14";
				CLANG_CXX_LIBRARY = "libc++";
				CLANG_ENABLE_MODULES = YES;
				CLANG_ENABLE_OBJC_ARC = YES;
				CLANG_ENABLE_OBJC_WEAK = YES;
				CLANG_WARN_BLOCK_CAPTURE_AUTORELEASING = YES;
				CLANG_WARN_BOOL_CONVERSION = YES;
				CLANG_WARN_COMMA = YES;
				CLANG_WARN_CONSTANT_CONVERSION = YES;
				CLANG_WARN_DEPRECATED_OBJC_IMPLEMENTATIONS = YES;
				CLANG_WARN_DIRECT_OBJC_ISA_USAGE = YES_ERROR;
				CLANG_WARN_DOCUMENTATION_COMMENTS = YES;
				CLANG_WARN_EMPTY_BODY = YES;
				CLANG_WARN_ENUM_CONVERSION = YES;
				CLANG_WARN_INFINITE_RECURSION = YES;
				CLANG_WARN_INT_CONVERSION = YES;
				CLANG_WARN_NON_LITERAL_NULL_CONVERSION = YES;
				CLANG_WARN_OBJC_IMPLICIT_RETAIN_SELF = YES;
				CLANG_WARN_OBJC_LITERAL_CONVERSION = YES;
				CLANG_WARN_OBJC_ROOT_CLASS = YES_ERROR;
				CLANG_WARN_QUOTED_INCLUDE_IN_FRAMEWORK_HEADER = YES;
				CLANG_WARN_RANGE_LOOP_ANALYSIS = YES;
				CLANG_WARN_STRICT_PROTOTYPES = YES;
				CLANG_WARN_SUSPICIOUS_MOVE = YES;
				CLANG_WARN_UNGUARDED_AVAILABILITY = YES_AGGRESSIVE;
				CLANG_WARN_UNREACHABLE_CODE = YES;
				CLANG_WARN__DUPLICATE_METHOD_MATCH = YES;
				COPY_PHASE_STRIP = NO;
				DEBUG_INFORMATION_FORMAT = "dwarf-with-dsym";
				ENABLE_NS_ASSERTIONS = NO;
				ENABLE_STRICT_OBJC_MSGSEND = YES;
				GCC_C_LANGUAGE_STANDARD = gnu11;
				GCC_NO_COMMON_BLOCKS = YES;
				GCC_WARN_64_TO_32_BIT_CONVERSION = YES;
				GCC_WARN_ABOUT_RETURN_TYPE = YES_ERROR;
				GCC_WARN_UNDECLARED_SELECTOR = YES;
				GCC_WARN_UNINITIALIZED_AUTOS = YES_AGGRESSIVE;
				GCC_WARN_UNUSED_FUNCTION = YES;
				GCC_WARN_UNUSED_VARIABLE = YES;
				IPHONEOS_DEPLOYMENT_TARGET = 13.0;
				MTL_ENABLE_DEBUG_INFO = NO;
				MTL_FAST_MATH = YES;
				SDKROOT = iphoneos;
				SWIFT_COMPILATION_MODE = wholemodule;
				SWIFT_OPTIMIZATION_LEVEL = "-O";
				VALIDATE_PRODUCT = YES;
			};
			name = Release;
		};
		F048208324D93E720029528C /* Debug */ = {
			isa = XCBuildConfiguration;
			buildSettings = {
				ASSETCATALOG_COMPILER_APPICON_NAME = AppIcon;
				CODE_SIGN_ENTITLEMENTS = myskill/iQmanager.entitlements;
				CODE_SIGN_IDENTITY = "iPhone Distribution";
				CODE_SIGN_STYLE = Manual;
				CURRENT_PROJECT_VERSION = 10;
				DEVELOPMENT_TEAM = W8K79RF5CP;
				INFOPLIST_FILE = myskill/Info.plist;
				LD_RUNPATH_SEARCH_PATHS = (
					"$(inherited)",
					"@executable_path/Frameworks",
				);
				MARKETING_VERSION = 1.4;
				PRODUCT_BUNDLE_IDENTIFIER = com.kupimore.ru;
				PRODUCT_NAME = iQmanager;
				PROVISIONING_PROFILE_SPECIFIER = kupimore;
				SWIFT_VERSION = 5.0;
				TARGETED_DEVICE_FAMILY = "1,2";
			};
			name = Debug;
		};
		F048208424D93E720029528C /* Release */ = {
			isa = XCBuildConfiguration;
			buildSettings = {
				ASSETCATALOG_COMPILER_APPICON_NAME = AppIcon;
				CODE_SIGN_ENTITLEMENTS = myskill/iQmanagerRelease.entitlements;
				CODE_SIGN_IDENTITY = "iPhone Distribution";
				CODE_SIGN_STYLE = Manual;
				CURRENT_PROJECT_VERSION = 10;
				DEVELOPMENT_TEAM = W8K79RF5CP;
				INFOPLIST_FILE = myskill/Info.plist;
				LD_RUNPATH_SEARCH_PATHS = (
					"$(inherited)",
					"@executable_path/Frameworks",
				);
				MARKETING_VERSION = 1.4;
				PRODUCT_BUNDLE_IDENTIFIER = com.kupimore.ru;
				PRODUCT_NAME = iQmanager;
				PROVISIONING_PROFILE_SPECIFIER = kupimore;
				SWIFT_VERSION = 5.0;
				TARGETED_DEVICE_FAMILY = "1,2";
			};
			name = Release;
		};
/* End XCBuildConfiguration section */

/* Begin XCConfigurationList section */
		F048206924D93E6F0029528C /* Build configuration list for PBXProject "myskill" */ = {
			isa = XCConfigurationList;
			buildConfigurations = (
				F048208024D93E720029528C /* Debug */,
				F048208124D93E720029528C /* Release */,
			);
			defaultConfigurationIsVisible = 0;
			defaultConfigurationName = Release;
		};
		F048208224D93E720029528C /* Build configuration list for PBXNativeTarget "myskill" */ = {
			isa = XCConfigurationList;
			buildConfigurations = (
				F048208324D93E720029528C /* Debug */,
				F048208424D93E720029528C /* Release */,
			);
			defaultConfigurationIsVisible = 0;
			defaultConfigurationName = Release;
		};
/* End XCConfigurationList section */
	};
	rootObject = F048206624D93E6F0029528C /* Project object */;
}
